
Microsoft Visual Studio Solution File, Format Version 12.00
# Visual Studio Version 16
VisualStudioVersion = 16.0.31702.278
MinimumVisualStudioVersion = 10.0.40219.1
Project("{FAE04EC0-301F-11D3-BF4B-00C04F79EFBC}") = "Listener", "..\Listener.csproj", "{27C8B3D3-2931-4A6E-BC9B-3D8751C039CA}"
EndProject
Global
	GlobalSection(SolutionConfigurationPlatforms) = preSolution
		Debug|Any CPU = Debug|Any CPU
		Release|Any CPU = Release|Any CPU
	EndGlobalSection
	GlobalSection(ProjectConfigurationPlatforms) = postSolution
		{27C8B3D3-2931-4A6E-BC9B-3D8751C039CA}.Debug|Any CPU.ActiveCfg = Debug|Any CPU
		{27C8B3D3-2931-4A6E-BC9B-3D8751C039CA}.Debug|Any CPU.Build.0 = Debug|Any CPU
		{27C8B3D3-2931-4A6E-BC9B-3D8751C039CA}.Release|Any CPU.ActiveCfg = Release|Any CPU
		{27C8B3D3-2931-4A6E-BC9B-3D8751C039CA}.Release|Any CPU.Build.0 = Release|Any CPU
	EndGlobalSection
	GlobalSection(SolutionProperties) = preSolution
		HideSolutionNode = FALSE
	EndGlobalSection
	GlobalSection(ExtensibilityGlobals) = postSolution
		SolutionGuid = {51079F7E-8F8F-4931-9626-9EA39C7CBEA5}
	EndGlobalSection
EndGlobal
